
Microsoft Visual Studio Solution File, Format Version 12.00
# Visual Studio Version 16
VisualStudioVersion = 16.0.31605.320
MinimumVisualStudioVersion = 10.0.40219.1
Project("{F184B08F-C81C-45F6-A57F-5ABD9991F28F}") = "KalkulatorTugas", "KalkulatorTugas\KalkulatorTugas.vbproj", "{D7CB46E9-6BA5-4693-8E37-DC63BFD1E7EB}"
EndProject
Global
	GlobalSection(SolutionConfigurationPlatforms) = preSolution
		Debug|Any CPU = Debug|Any CPU
		Release|Any CPU = Release|Any CPU
	EndGlobalSection
	GlobalSection(ProjectConfigurationPlatforms) = postSolution
		{D7CB46E9-6BA5-4693-8E37-DC63BFD1E7EB}.Debug|Any CPU.ActiveCfg = Debug|Any CPU
		{D7CB46E9-6BA5-4693-8E37-DC63BFD1E7EB}.Debug|Any CPU.Build.0 = Debug|Any CPU
		{D7CB46E9-6BA5-4693-8E37-DC63BFD1E7EB}.Release|Any CPU.ActiveCfg = Release|Any CPU
		{D7CB46E9-6BA5-4693-8E37-DC63BFD1E7EB}.Release|Any CPU.Build.0 = Release|Any CPU
	EndGlobalSection
	GlobalSection(SolutionProperties) = preSolution
		HideSolutionNode = FALSE
	EndGlobalSection
	GlobalSection(ExtensibilityGlobals) = postSolution
		SolutionGuid = {3806A740-8D63-4929-AA0A-BEC20EFBA90A}
	EndGlobalSection
EndGlobal
